{
	"name": "@bunchmark/web",
	"version": "1.0.0-pre-8",
	"lockfileVersion": 3,
	"requires": true,
	"packages": {
		"": {
			"name": "@bunchmark/web",
			"version": "1.0.0-pre-8",
			"license": "ISC",
			"dependencies": {
				"@bunchmark/core": "1.0.0-pre-9"
			}
		},
		"node_modules/@bunchmark/core": {
			"version": "1.0.0-pre-9",
			"resolved": "https://registry.npmjs.org/@bunchmark/core/-/core-1.0.0-pre-9.tgz",
			"integrity": "sha512-wZonVhdFHvgarKbevmrAUiX/RB8FX/lljP0HTtpFGgTNo7G5ytYzhI+o8mEvS7d7SoHHgNkS/htyMemIH8AWEw==",
			"dependencies": {
				"@bunchmark/stats": "1.0.0-pre-5"
			}
		},
		"node_modules/@bunchmark/stats": {
			"version": "1.0.0-pre-5",
			"resolved": "https://registry.npmjs.org/@bunchmark/stats/-/stats-1.0.0-pre-5.tgz",
			"integrity": "sha512-06r3x8wi6DfaBuzqE4kGKwMrN1Q52sfFtkEbU2JzCBQg0/T45mhS8ytDDVUTf1ms0o9FxaXOJ6l2tBxaGYv6Lg=="
		}
	}
}
