{
  "name": "@bunchmark/core",
  "version": "1.0.0-pre-7",
  "lockfileVersion": 3,
  "requires": true,
  "packages": {
    "": {
      "name": "@bunchmark/core",
      "version": "1.0.0-pre-7",
      "license": "ISC",
      "dependencies": {
        "@bunchmark/stats": "1.0.0-pre-4"
      }
    },
    "node_modules/@bunchmark/stats": {
      "version": "1.0.0-pre-4",
      "resolved": "https://registry.npmjs.org/@bunchmark/stats/-/stats-1.0.0-pre-4.tgz",
      "integrity": "sha512-s6/y1dtjOczQFLP1Qk9OWxzD+jWBTQ42RGmvptKhg+pZZun3R0TITTFa8niXscgsU+fILTY7LoG48pecv9+tYA=="
    }
  }
}
